{
  "name": "atomic-quantum-engine",
  "version": "3.0.0",
  "lockfileVersion": 3,
  "requires": true,
  "packages": {
    "": {
      "name": "atomic-quantum-engine",
      "version": "3.0.0",
      "license": "MIT",
      "engines": {
        "node": ">=16.0.0"
      },
      "funding": {
        "type": "individual",
        "url": "https://williammartin.lemonsqueezy.com"
      }
    }
  }
}
